
Microsoft Visual Studio Solution File, Format Version 12.00
# Visual Studio Version 16
VisualStudioVersion = 16.0.29001.49
MinimumVisualStudioVersion = 15.0.26124.0
Project("{2150E333-8FDC-42A3-9474-1A3956D46DE8}") = "1.Presentation", "1.Presentation", "{4898FC3C-0D53-48C9-BF67-0C1B04DA3A2F}"
EndProject
Project("{9A19103F-16F7-4668-BE54-9A1E7A4F7556}") = "ExampleCQRS.Web", "1.Presentation\ExampleCQRS.Web\ExampleCQRS.Web.csproj", "{FAEE7444-FC9A-480E-8868-C719A6520F8B}"
EndProject
Project("{2150E333-8FDC-42A3-9474-1A3956D46DE8}") = "2.Application", "2.Application", "{FF5AB37D-02F2-4C79-9FD1-7CFC1477015C}"
EndProject
Project("{9A19103F-16F7-4668-BE54-9A1E7A4F7556}") = "ExampleCQRS.Application", "2.Application\ExampleCQRS.Application\ExampleCQRS.Application.csproj", "{93352A72-6910-4D66-BC07-78FE8665E8BA}"
EndProject
Project("{2150E333-8FDC-42A3-9474-1A3956D46DE8}") = "3.Domain", "3.Domain", "{D1217159-8A68-406E-A889-20B7235560D1}"
EndProject
Project("{9A19103F-16F7-4668-BE54-9A1E7A4F7556}") = "ExampleCQRS.Domain", "3.Domain\ExampleCQRS.Domain\ExampleCQRS.Domain.csproj", "{0E0A8191-8A95-4BFE-8F74-925B7BAF81A2}"
EndProject
Project("{9A19103F-16F7-4668-BE54-9A1E7A4F7556}") = "ExampleCQRS.Domain.Core", "3.Domain\ExampleCQRS.Domain.Core\ExampleCQRS.Domain.Core.csproj", "{A1043288-8D1C-4362-B29F-5B6413C1E798}"
EndProject
Project("{2150E333-8FDC-42A3-9474-1A3956D46DE8}") = "4.Infrastructure", "4.Infrastructure", "{A80CD821-1E4F-4A8D-8313-8B43177132AB}"
EndProject
Project("{9A19103F-16F7-4668-BE54-9A1E7A4F7556}") = "ExampleCQRS.Repository", "4.Infrastructure\ExampleCQRS.Repository\ExampleCQRS.Repository.csproj", "{70983513-F35A-4960-BB13-92BAFAA9FAE9}"
EndProject
Project("{2150E333-8FDC-42A3-9474-1A3956D46DE8}") = "5.CrossCutting", "5.CrossCutting", "{84EF1472-EC24-43ED-8ED2-7D133E0D97CC}"
EndProject
Project("{FAE04EC0-301F-11D3-BF4B-00C04F79EFBC}") = "ExampleCQRS.CrossCutting", "5.CrossCutting\ExampleCQRS.CrossCutting\ExampleCQRS.CrossCutting.csproj", "{55372E14-6458-4D21-B23A-25DB8539DFAC}"
EndProject
Project("{2150E333-8FDC-42A3-9474-1A3956D46DE8}") = "6.DependencyInjection", "6.DependencyInjection", "{2183D7CC-F9E8-4D75-806A-7D60C9C11BF0}"
EndProject
Project("{FAE04EC0-301F-11D3-BF4B-00C04F79EFBC}") = "ExampleCQRS.IoC", "6.DependencyInjection\ExampleCQRS.IoC\ExampleCQRS.IoC.csproj", "{F1807F58-C331-4D1D-900B-9F3C26FE51CB}"
EndProject
Global
	GlobalSection(SolutionConfigurationPlatforms) = preSolution
		Debug|Any CPU = Debug|Any CPU
		Debug|x64 = Debug|x64
		Debug|x86 = Debug|x86
		Release|Any CPU = Release|Any CPU
		Release|x64 = Release|x64
		Release|x86 = Release|x86
	EndGlobalSection
	GlobalSection(ProjectConfigurationPlatforms) = postSolution
		{FAEE7444-FC9A-480E-8868-C719A6520F8B}.Debug|Any CPU.ActiveCfg = Debug|Any CPU
		{FAEE7444-FC9A-480E-8868-C719A6520F8B}.Debug|Any CPU.Build.0 = Debug|Any CPU
		{FAEE7444-FC9A-480E-8868-C719A6520F8B}.Debug|x64.ActiveCfg = Debug|Any CPU
		{FAEE7444-FC9A-480E-8868-C719A6520F8B}.Debug|x64.Build.0 = Debug|Any CPU
		{FAEE7444-FC9A-480E-8868-C719A6520F8B}.Debug|x86.ActiveCfg = Debug|Any CPU
		{FAEE7444-FC9A-480E-8868-C719A6520F8B}.Debug|x86.Build.0 = Debug|Any CPU
		{FAEE7444-FC9A-480E-8868-C719A6520F8B}.Release|Any CPU.ActiveCfg = Release|Any CPU
		{FAEE7444-FC9A-480E-8868-C719A6520F8B}.Release|Any CPU.Build.0 = Release|Any CPU
		{FAEE7444-FC9A-480E-8868-C719A6520F8B}.Release|x64.ActiveCfg = Release|Any CPU
		{FAEE7444-FC9A-480E-8868-C719A6520F8B}.Release|x64.Build.0 = Release|Any CPU
		{FAEE7444-FC9A-480E-8868-C719A6520F8B}.Release|x86.ActiveCfg = Release|Any CPU
		{FAEE7444-FC9A-480E-8868-C719A6520F8B}.Release|x86.Build.0 = Release|Any CPU
		{93352A72-6910-4D66-BC07-78FE8665E8BA}.Debug|Any CPU.ActiveCfg = Debug|Any CPU
		{93352A72-6910-4D66-BC07-78FE8665E8BA}.Debug|Any CPU.Build.0 = Debug|Any CPU
		{93352A72-6910-4D66-BC07-78FE8665E8BA}.Debug|x64.ActiveCfg = Debug|Any CPU
		{93352A72-6910-4D66-BC07-78FE8665E8BA}.Debug|x64.Build.0 = Debug|Any CPU
		{93352A72-6910-4D66-BC07-78FE8665E8BA}.Debug|x86.ActiveCfg = Debug|Any CPU
		{93352A72-6910-4D66-BC07-78FE8665E8BA}.Debug|x86.Build.0 = Debug|Any CPU
		{93352A72-6910-4D66-BC07-78FE8665E8BA}.Release|Any CPU.ActiveCfg = Release|Any CPU
		{93352A72-6910-4D66-BC07-78FE8665E8BA}.Release|Any CPU.Build.0 = Release|Any CPU
		{93352A72-6910-4D66-BC07-78FE8665E8BA}.Release|x64.ActiveCfg = Release|Any CPU
		{93352A72-6910-4D66-BC07-78FE8665E8BA}.Release|x64.Build.0 = Release|Any CPU
		{93352A72-6910-4D66-BC07-78FE8665E8BA}.Release|x86.ActiveCfg = Release|Any CPU
		{93352A72-6910-4D66-BC07-78FE8665E8BA}.Release|x86.Build.0 = Release|Any CPU
		{0E0A8191-8A95-4BFE-8F74-925B7BAF81A2}.Debug|Any CPU.ActiveCfg = Debug|Any CPU
		{0E0A8191-8A95-4BFE-8F74-925B7BAF81A2}.Debug|Any CPU.Build.0 = Debug|Any CPU
		{0E0A8191-8A95-4BFE-8F74-925B7BAF81A2}.Debug|x64.ActiveCfg = Debug|Any CPU
		{0E0A8191-8A95-4BFE-8F74-925B7BAF81A2}.Debug|x64.Build.0 = Debug|Any CPU
		{0E0A8191-8A95-4BFE-8F74-925B7BAF81A2}.Debug|x86.ActiveCfg = Debug|Any CPU
		{0E0A8191-8A95-4BFE-8F74-925B7BAF81A2}.Debug|x86.Build.0 = Debug|Any CPU
		{0E0A8191-8A95-4BFE-8F74-925B7BAF81A2}.Release|Any CPU.ActiveCfg = Release|Any CPU
		{0E0A8191-8A95-4BFE-8F74-925B7BAF81A2}.Release|Any CPU.Build.0 = Release|Any CPU
		{0E0A8191-8A95-4BFE-8F74-925B7BAF81A2}.Release|x64.ActiveCfg = Release|Any CPU
		{0E0A8191-8A95-4BFE-8F74-925B7BAF81A2}.Release|x64.Build.0 = Release|Any CPU
		{0E0A8191-8A95-4BFE-8F74-925B7BAF81A2}.Release|x86.ActiveCfg = Release|Any CPU
		{0E0A8191-8A95-4BFE-8F74-925B7BAF81A2}.Release|x86.Build.0 = Release|Any CPU
		{A1043288-8D1C-4362-B29F-5B6413C1E798}.Debug|Any CPU.ActiveCfg = Debug|Any CPU
		{A1043288-8D1C-4362-B29F-5B6413C1E798}.Debug|Any CPU.Build.0 = Debug|Any CPU
		{A1043288-8D1C-4362-B29F-5B6413C1E798}.Debug|x64.ActiveCfg = Debug|Any CPU
		{A1043288-8D1C-4362-B29F-5B6413C1E798}.Debug|x64.Build.0 = Debug|Any CPU
		{A1043288-8D1C-4362-B29F-5B6413C1E798}.Debug|x86.ActiveCfg = Debug|Any CPU
		{A1043288-8D1C-4362-B29F-5B6413C1E798}.Debug|x86.Build.0 = Debug|Any CPU
		{A1043288-8D1C-4362-B29F-5B6413C1E798}.Release|Any CPU.ActiveCfg = Release|Any CPU
		{A1043288-8D1C-4362-B29F-5B6413C1E798}.Release|Any CPU.Build.0 = Release|Any CPU
		{A1043288-8D1C-4362-B29F-5B6413C1E798}.Release|x64.ActiveCfg = Release|Any CPU
		{A1043288-8D1C-4362-B29F-5B6413C1E798}.Release|x64.Build.0 = Release|Any CPU
		{A1043288-8D1C-4362-B29F-5B6413C1E798}.Release|x86.ActiveCfg = Release|Any CPU
		{A1043288-8D1C-4362-B29F-5B6413C1E798}.Release|x86.Build.0 = Release|Any CPU
		{70983513-F35A-4960-BB13-92BAFAA9FAE9}.Debug|Any CPU.ActiveCfg = Debug|Any CPU
		{70983513-F35A-4960-BB13-92BAFAA9FAE9}.Debug|Any CPU.Build.0 = Debug|Any CPU
		{70983513-F35A-4960-BB13-92BAFAA9FAE9}.Debug|x64.ActiveCfg = Debug|Any CPU
		{70983513-F35A-4960-BB13-92BAFAA9FAE9}.Debug|x64.Build.0 = Debug|Any CPU
		{70983513-F35A-4960-BB13-92BAFAA9FAE9}.Debug|x86.ActiveCfg = Debug|Any CPU
		{70983513-F35A-4960-BB13-92BAFAA9FAE9}.Debug|x86.Build.0 = Debug|Any CPU
		{70983513-F35A-4960-BB13-92BAFAA9FAE9}.Release|Any CPU.ActiveCfg = Release|Any CPU
		{70983513-F35A-4960-BB13-92BAFAA9FAE9}.Release|Any CPU.Build.0 = Release|Any CPU
		{70983513-F35A-4960-BB13-92BAFAA9FAE9}.Release|x64.ActiveCfg = Release|Any CPU
		{70983513-F35A-4960-BB13-92BAFAA9FAE9}.Release|x64.Build.0 = Release|Any CPU
		{70983513-F35A-4960-BB13-92BAFAA9FAE9}.Release|x86.ActiveCfg = Release|Any CPU
		{70983513-F35A-4960-BB13-92BAFAA9FAE9}.Release|x86.Build.0 = Release|Any CPU
		{55372E14-6458-4D21-B23A-25DB8539DFAC}.Debug|Any CPU.ActiveCfg = Debug|Any CPU
		{55372E14-6458-4D21-B23A-25DB8539DFAC}.Debug|Any CPU.Build.0 = Debug|Any CPU
		{55372E14-6458-4D21-B23A-25DB8539DFAC}.Debug|x64.ActiveCfg = Debug|Any CPU
		{55372E14-6458-4D21-B23A-25DB8539DFAC}.Debug|x64.Build.0 = Debug|Any CPU
		{55372E14-6458-4D21-B23A-25DB8539DFAC}.Debug|x86.ActiveCfg = Debug|Any CPU
		{55372E14-6458-4D21-B23A-25DB8539DFAC}.Debug|x86.Build.0 = Debug|Any CPU
		{55372E14-6458-4D21-B23A-25DB8539DFAC}.Release|Any CPU.ActiveCfg = Release|Any CPU
		{55372E14-6458-4D21-B23A-25DB8539DFAC}.Release|Any CPU.Build.0 = Release|Any CPU
		{55372E14-6458-4D21-B23A-25DB8539DFAC}.Release|x64.ActiveCfg = Release|Any CPU
		{55372E14-6458-4D21-B23A-25DB8539DFAC}.Release|x64.Build.0 = Release|Any CPU
		{55372E14-6458-4D21-B23A-25DB8539DFAC}.Release|x86.ActiveCfg = Release|Any CPU
		{55372E14-6458-4D21-B23A-25DB8539DFAC}.Release|x86.Build.0 = Release|Any CPU
		{F1807F58-C331-4D1D-900B-9F3C26FE51CB}.Debug|Any CPU.ActiveCfg = Debug|Any CPU
		{F1807F58-C331-4D1D-900B-9F3C26FE51CB}.Debug|Any CPU.Build.0 = Debug|Any CPU
		{F1807F58-C331-4D1D-900B-9F3C26FE51CB}.Debug|x64.ActiveCfg = Debug|Any CPU
		{F1807F58-C331-4D1D-900B-9F3C26FE51CB}.Debug|x64.Build.0 = Debug|Any CPU
		{F1807F58-C331-4D1D-900B-9F3C26FE51CB}.Debug|x86.ActiveCfg = Debug|Any CPU
		{F1807F58-C331-4D1D-900B-9F3C26FE51CB}.Debug|x86.Build.0 = Debug|Any CPU
		{F1807F58-C331-4D1D-900B-9F3C26FE51CB}.Release|Any CPU.ActiveCfg = Release|Any CPU
		{F1807F58-C331-4D1D-900B-9F3C26FE51CB}.Release|Any CPU.Build.0 = Release|Any CPU
		{F1807F58-C331-4D1D-900B-9F3C26FE51CB}.Release|x64.ActiveCfg = Release|Any CPU
		{F1807F58-C331-4D1D-900B-9F3C26FE51CB}.Release|x64.Build.0 = Release|Any CPU
		{F1807F58-C331-4D1D-900B-9F3C26FE51CB}.Release|x86.ActiveCfg = Release|Any CPU
		{F1807F58-C331-4D1D-900B-9F3C26FE51CB}.Release|x86.Build.0 = Release|Any CPU
	EndGlobalSection
	GlobalSection(SolutionProperties) = preSolution
		HideSolutionNode = FALSE
	EndGlobalSection
	GlobalSection(NestedProjects) = preSolution
		{FAEE7444-FC9A-480E-8868-C719A6520F8B} = {4898FC3C-0D53-48C9-BF67-0C1B04DA3A2F}
		{93352A72-6910-4D66-BC07-78FE8665E8BA} = {FF5AB37D-02F2-4C79-9FD1-7CFC1477015C}
		{0E0A8191-8A95-4BFE-8F74-925B7BAF81A2} = {D1217159-8A68-406E-A889-20B7235560D1}
		{A1043288-8D1C-4362-B29F-5B6413C1E798} = {D1217159-8A68-406E-A889-20B7235560D1}
		{70983513-F35A-4960-BB13-92BAFAA9FAE9} = {A80CD821-1E4F-4A8D-8313-8B43177132AB}
		{55372E14-6458-4D21-B23A-25DB8539DFAC} = {84EF1472-EC24-43ED-8ED2-7D133E0D97CC}
		{F1807F58-C331-4D1D-900B-9F3C26FE51CB} = {2183D7CC-F9E8-4D75-806A-7D60C9C11BF0}
	EndGlobalSection
	GlobalSection(ExtensibilityGlobals) = postSolution
		SolutionGuid = {C343926A-6704-4EAF-B61B-CDB6E2E33278}
	EndGlobalSection
EndGlobal
